
Microsoft Visual Studio Solution File, Format Version 12.00
# Visual Studio 15
VisualStudioVersion = 15.0.28010.2036
MinimumVisualStudioVersion = 10.0.40219.1
Project("{8BC9CEB8-8B4A-11D0-8D11-00A0C91BC942}") = "Project3", "Project3\Project3.vcxproj", "{142478BA-1514-4B9C-B475-A3CC6D5DE5C6}"
EndProject
Global
	GlobalSection(SolutionConfigurationPlatforms) = preSolution
		Debug|x64 = Debug|x64
		Debug|x86 = Debug|x86
		Release|x64 = Release|x64
		Release|x86 = Release|x86
	EndGlobalSection
	GlobalSection(ProjectConfigurationPlatforms) = postSolution
		{142478BA-1514-4B9C-B475-A3CC6D5DE5C6}.Debug|x64.ActiveCfg = Debug|x64
		{142478BA-1514-4B9C-B475-A3CC6D5DE5C6}.Debug|x64.Build.0 = Debug|x64
		{142478BA-1514-4B9C-B475-A3CC6D5DE5C6}.Debug|x86.ActiveCfg = Debug|Win32
		{142478BA-1514-4B9C-B475-A3CC6D5DE5C6}.Debug|x86.Build.0 = Debug|Win32
		{142478BA-1514-4B9C-B475-A3CC6D5DE5C6}.Release|x64.ActiveCfg = Release|x64
		{142478BA-1514-4B9C-B475-A3CC6D5DE5C6}.Release|x64.Build.0 = Release|x64
		{142478BA-1514-4B9C-B475-A3CC6D5DE5C6}.Release|x86.ActiveCfg = Release|Win32
		{142478BA-1514-4B9C-B475-A3CC6D5DE5C6}.Release|x86.Build.0 = Release|Win32
	EndGlobalSection
	GlobalSection(SolutionProperties) = preSolution
		HideSolutionNode = FALSE
	EndGlobalSection
	GlobalSection(ExtensibilityGlobals) = postSolution
		SolutionGuid = {CA777422-4D60-4304-B7F1-A23BB126325D}
	EndGlobalSection
EndGlobal
